
Microsoft Visual Studio Solution File, Format Version 12.00
# Visual Studio 2013
VisualStudioVersion = 12.0.31101.0
MinimumVisualStudioVersion = 10.0.40219.1
Project("{FAE04EC0-301F-11D3-BF4B-00C04F79EFBC}") = "TrafficManagerWeb", "TrafficManagerWeb\TrafficManagerWeb.csproj", "{6BCAF0B4-0D4C-4737-8D0D-DAD76130DCF9}"
EndProject
Project("{2150E333-8FDC-42A3-9474-1A3956D46DE8}") = "Solution Items", "Solution Items", "{669E425E-894D-4C11-84D7-D9FA234DA4A0}"
	ProjectSection(SolutionItems) = preProject
		DeploySolution.ps1 = DeploySolution.ps1
		DeploySolutionStandardLib.ps1 = DeploySolutionStandardLib.ps1
		ServiceDegradation.html = ServiceDegradation.html
		TrafficManagerDatabase.v1.sql = TrafficManagerDatabase.v1.sql
	EndProjectSection
EndProject
Project("{FAE04EC0-301F-11D3-BF4B-00C04F79EFBC}") = "TrafficManagerWeb.Library", "TrafficManagerWeb.Library\TrafficManagerWeb.Library.csproj", "{B79DC987-6153-433B-AD46-413F1297A7E8}"
EndProject
Global
	GlobalSection(SolutionConfigurationPlatforms) = preSolution
		Debug|Any CPU = Debug|Any CPU
		Release|Any CPU = Release|Any CPU
	EndGlobalSection
	GlobalSection(ProjectConfigurationPlatforms) = postSolution
		{6BCAF0B4-0D4C-4737-8D0D-DAD76130DCF9}.Debug|Any CPU.ActiveCfg = Debug|Any CPU
		{6BCAF0B4-0D4C-4737-8D0D-DAD76130DCF9}.Debug|Any CPU.Build.0 = Debug|Any CPU
		{6BCAF0B4-0D4C-4737-8D0D-DAD76130DCF9}.Release|Any CPU.ActiveCfg = Release|Any CPU
		{6BCAF0B4-0D4C-4737-8D0D-DAD76130DCF9}.Release|Any CPU.Build.0 = Release|Any CPU
		{B79DC987-6153-433B-AD46-413F1297A7E8}.Debug|Any CPU.ActiveCfg = Debug|Any CPU
		{B79DC987-6153-433B-AD46-413F1297A7E8}.Debug|Any CPU.Build.0 = Debug|Any CPU
		{B79DC987-6153-433B-AD46-413F1297A7E8}.Release|Any CPU.ActiveCfg = Release|Any CPU
		{B79DC987-6153-433B-AD46-413F1297A7E8}.Release|Any CPU.Build.0 = Release|Any CPU
	EndGlobalSection
	GlobalSection(SolutionProperties) = preSolution
		HideSolutionNode = FALSE
	EndGlobalSection
EndGlobal
